// !$*UTF8*$!
{
	archiveVersion = 1;
	classes = {
	};
	objectVersion = 46;
	objects = {

/* Begin PBXBuildFile section */
		C365F03816D1717B00067107 /* Foundation.framework in Frameworks */ = {isa = PBXBuildFile; fileRef = C365F03716D1717B00067107 /* Foundation.framework */; };
		C365F04716D1717B00067107 /* SenTestingKit.framework in Frameworks */ = {isa = PBXBuildFile; fileRef = C365F04616D1717B00067107 /* SenTestingKit.framework */; };
		C365F04916D1717B00067107 /* UIKit.framework in Frameworks */ = {isa = PBXBuildFile; fileRef = C365F04816D1717B00067107 /* UIKit.framework */; };
		C365F04A16D1717B00067107 /* Foundation.framework in Frameworks */ = {isa = PBXBuildFile; fileRef = C365F03716D1717B00067107 /* Foundation.framework */; };
		C365F04D16D1717B00067107 /* libSpectralFlux.a in Frameworks */ = {isa = PBXBuildFile; fileRef = C365F03416D1717B00067107 /* libSpectralFlux.a */; };
		C365F05316D1717B00067107 /* InfoPlist.strings in Resources */ = {isa = PBXBuildFile; fileRef = C365F05116D1717B00067107 /* InfoPlist.strings */; };
		C365F05616D1717B00067107 /* SpectralFluxTests.m in Sources */ = {isa = PBXBuildFile; fileRef = C365F05516D1717B00067107 /* SpectralFluxTests.m */; };
		C365F07016D1787F00067107 /* ProcessSongOperation.m in Sources */ = {isa = PBXBuildFile; fileRef = C365F06216D1787F00067107 /* ProcessSongOperation.m */; };
		C365F07116D1787F00067107 /* ProcessSongOperation.m in Sources */ = {isa = PBXBuildFile; fileRef = C365F06216D1787F00067107 /* ProcessSongOperation.m */; };
		C365F07216D1787F00067107 /* Song.m in Sources */ = {isa = PBXBuildFile; fileRef = C365F06416D1787F00067107 /* Song.m */; };
		C365F07316D1787F00067107 /* Song.m in Sources */ = {isa = PBXBuildFile; fileRef = C365F06416D1787F00067107 /* Song.m */; };
		C365F07416D1787F00067107 /* SongProcessorService.m in Sources */ = {isa = PBXBuildFile; fileRef = C365F06616D1787F00067107 /* SongProcessorService.m */; };
		C365F07516D1787F00067107 /* SongProcessorService.m in Sources */ = {isa = PBXBuildFile; fileRef = C365F06616D1787F00067107 /* SongProcessorService.m */; };
		C365F07616D1787F00067107 /* SpectralFlux.m in Sources */ = {isa = PBXBuildFile; fileRef = C365F06916D1787F00067107 /* SpectralFlux.m */; };
		C365F07716D1787F00067107 /* SpectralFlux.m in Sources */ = {isa = PBXBuildFile; fileRef = C365F06916D1787F00067107 /* SpectralFlux.m */; };
		C365F07816D1787F00067107 /* Waveform.m in Sources */ = {isa = PBXBuildFile; fileRef = C365F06B16D1787F00067107 /* Waveform.m */; };
		C365F07916D1787F00067107 /* Waveform.m in Sources */ = {isa = PBXBuildFile; fileRef = C365F06B16D1787F00067107 /* Waveform.m */; };
		C365F07C16D1787F00067107 /* WaveformGroup.m in Sources */ = {isa = PBXBuildFile; fileRef = C365F06F16D1787F00067107 /* WaveformGroup.m */; };
		C365F07D16D1787F00067107 /* WaveformGroup.m in Sources */ = {isa = PBXBuildFile; fileRef = C365F06F16D1787F00067107 /* WaveformGroup.m */; };
		C365F08216D17F9500067107 /* DataService.m in Sources */ = {isa = PBXBuildFile; fileRef = C365F08116D17F9500067107 /* DataService.m */; };
		C365F08316D17F9500067107 /* DataService.m in Sources */ = {isa = PBXBuildFile; fileRef = C365F08116D17F9500067107 /* DataService.m */; };
/* End PBXBuildFile section */

/* Begin PBXContainerItemProxy section */
		C365F04B16D1717B00067107 /* PBXContainerItemProxy */ = {
			isa = PBXContainerItemProxy;
			containerPortal = C365F02C16D1717B00067107 /* Project object */;
			proxyType = 1;
			remoteGlobalIDString = C365F03316D1717B00067107;
			remoteInfo = SpectralFlux;
		};
/* End PBXContainerItemProxy section */

/* Begin PBXCopyFilesBuildPhase section */
		C365F03216D1717B00067107 /* CopyFiles */ = {
			isa = PBXCopyFilesBuildPhase;
			buildActionMask = 2147483647;
			dstPath = "include/${PRODUCT_NAME}";
			dstSubfolderSpec = 16;
			files = (
			);
			runOnlyForDeploymentPostprocessing = 0;
		};
/* End PBXCopyFilesBuildPhase section */

/* Begin PBXFileReference section */
		C365F03416D1717B00067107 /* libSpectralFlux.a */ = {isa = PBXFileReference; explicitFileType = archive.ar; includeInIndex = 0; path = libSpectralFlux.a; sourceTree = BUILT_PRODUCTS_DIR; };
		C365F03716D1717B00067107 /* Foundation.framework */ = {isa = PBXFileReference; lastKnownFileType = wrapper.framework; name = Foundation.framework; path = System/Library/Frameworks/Foundation.framework; sourceTree = SDKROOT; };
		C365F04516D1717B00067107 /* SpectralFluxTests.octest */ = {isa = PBXFileReference; explicitFileType = wrapper.cfbundle; includeInIndex = 0; path = SpectralFluxTests.octest; sourceTree = BUILT_PRODUCTS_DIR; };
		C365F04616D1717B00067107 /* SenTestingKit.framework */ = {isa = PBXFileReference; lastKnownFileType = wrapper.framework; name = SenTestingKit.framework; path = Library/Frameworks/SenTestingKit.framework; sourceTree = DEVELOPER_DIR; };
		C365F04816D1717B00067107 /* UIKit.framework */ = {isa = PBXFileReference; lastKnownFileType = wrapper.framework; name = UIKit.framework; path = Library/Frameworks/UIKit.framework; sourceTree = DEVELOPER_DIR; };
		C365F05016D1717B00067107 /* SpectralFluxTests-Info.plist */ = {isa = PBXFileReference; lastKnownFileType = text.plist.xml; path = "SpectralFluxTests-Info.plist"; sourceTree = "<group>"; };
		C365F05216D1717B00067107 /* en */ = {isa = PBXFileReference; lastKnownFileType = text.plist.strings; name = en; path = en.lproj/InfoPlist.strings; sourceTree = "<group>"; };
		C365F05416D1717B00067107 /* SpectralFluxTests.h */ = {isa = PBXFileReference; lastKnownFileType = sourcecode.c.h; path = SpectralFluxTests.h; sourceTree = "<group>"; };
		C365F05516D1717B00067107 /* SpectralFluxTests.m */ = {isa = PBXFileReference; lastKnownFileType = sourcecode.c.objc; path = SpectralFluxTests.m; sourceTree = "<group>"; };
		C365F06116D1787F00067107 /* ProcessSongOperation.h */ = {isa = PBXFileReference; fileEncoding = 4; lastKnownFileType = sourcecode.c.h; name = ProcessSongOperation.h; path = ios/ProcessSongOperation.h; sourceTree = "<group>"; };
		C365F06216D1787F00067107 /* ProcessSongOperation.m */ = {isa = PBXFileReference; fileEncoding = 4; lastKnownFileType = sourcecode.c.objc; name = ProcessSongOperation.m; path = ios/ProcessSongOperation.m; sourceTree = "<group>"; };
		C365F06316D1787F00067107 /* Song.h */ = {isa = PBXFileReference; fileEncoding = 4; lastKnownFileType = sourcecode.c.h; name = Song.h; path = ios/Song.h; sourceTree = "<group>"; };
		C365F06416D1787F00067107 /* Song.m */ = {isa = PBXFileReference; fileEncoding = 4; lastKnownFileType = sourcecode.c.objc; name = Song.m; path = ios/Song.m; sourceTree = "<group>"; };
		C365F06516D1787F00067107 /* SongProcessorService.h */ = {isa = PBXFileReference; fileEncoding = 4; lastKnownFileType = sourcecode.c.h; name = SongProcessorService.h; path = ios/SongProcessorService.h; sourceTree = "<group>"; };
		C365F06616D1787F00067107 /* SongProcessorService.m */ = {isa = PBXFileReference; fileEncoding = 4; lastKnownFileType = sourcecode.c.objc; name = SongProcessorService.m; path = ios/SongProcessorService.m; sourceTree = "<group>"; };
		C365F06816D1787F00067107 /* SpectralFlux.h */ = {isa = PBXFileReference; fileEncoding = 4; lastKnownFileType = sourcecode.c.h; path = SpectralFlux.h; sourceTree = "<group>"; };
		C365F06916D1787F00067107 /* SpectralFlux.m */ = {isa = PBXFileReference; fileEncoding = 4; lastKnownFileType = sourcecode.c.objc; path = SpectralFlux.m; sourceTree = "<group>"; };
		C365F06A16D1787F00067107 /* Waveform.h */ = {isa = PBXFileReference; fileEncoding = 4; lastKnownFileType = sourcecode.c.h; name = Waveform.h; path = ios/Waveform.h; sourceTree = "<group>"; };
		C365F06B16D1787F00067107 /* Waveform.m */ = {isa = PBXFileReference; fileEncoding = 4; lastKnownFileType = sourcecode.c.objc; name = Waveform.m; path = ios/Waveform.m; sourceTree = "<group>"; };
		C365F06E16D1787F00067107 /* WaveformGroup.h */ = {isa = PBXFileReference; fileEncoding = 4; lastKnownFileType = sourcecode.c.h; name = WaveformGroup.h; path = ios/WaveformGroup.h; sourceTree = "<group>"; };
		C365F06F16D1787F00067107 /* WaveformGroup.m */ = {isa = PBXFileReference; fileEncoding = 4; lastKnownFileType = sourcecode.c.objc; name = WaveformGroup.m; path = ios/WaveformGroup.m; sourceTree = "<group>"; };
		C365F08016D17F9500067107 /* DataService.h */ = {isa = PBXFileReference; fileEncoding = 4; lastKnownFileType = sourcecode.c.h; name = DataService.h; path = ios/DataService.h; sourceTree = "<group>"; };
		C365F08116D17F9500067107 /* DataService.m */ = {isa = PBXFileReference; fileEncoding = 4; lastKnownFileType = sourcecode.c.objc; name = DataService.m; path = ios/DataService.m; sourceTree = "<group>"; };
/* End PBXFileReference section */

/* Begin PBXFrameworksBuildPhase section */
		C365F03116D1717B00067107 /* Frameworks */ = {
			isa = PBXFrameworksBuildPhase;
			buildActionMask = 2147483647;
			files = (
				C365F03816D1717B00067107 /* Foundation.framework in Frameworks */,
			);
			runOnlyForDeploymentPostprocessing = 0;
		};
		C365F04116D1717B00067107 /* Frameworks */ = {
			isa = PBXFrameworksBuildPhase;
			buildActionMask = 2147483647;
			files = (
				C365F04716D1717B00067107 /* SenTestingKit.framework in Frameworks */,
				C365F04916D1717B00067107 /* UIKit.framework in Frameworks */,
				C365F04A16D1717B00067107 /* Foundation.framework in Frameworks */,
				C365F04D16D1717B00067107 /* libSpectralFlux.a in Frameworks */,
			);
			runOnlyForDeploymentPostprocessing = 0;
		};
/* End PBXFrameworksBuildPhase section */

/* Begin PBXGroup section */
		C365F02B16D1717B00067107 = {
			isa = PBXGroup;
			children = (
				C365F05F16D1787F00067107 /* Classes */,
				C365F03916D1717B00067107 /* SpectralFlux */,
				C365F04E16D1717B00067107 /* SpectralFluxTests */,
				C365F03616D1717B00067107 /* Frameworks */,
				C365F03516D1717B00067107 /* Products */,
			);
			sourceTree = "<group>";
		};
		C365F03516D1717B00067107 /* Products */ = {
			isa = PBXGroup;
			children = (
				C365F03416D1717B00067107 /* libSpectralFlux.a */,
				C365F04516D1717B00067107 /* SpectralFluxTests.octest */,
			);
			name = Products;
			sourceTree = "<group>";
		};
		C365F03616D1717B00067107 /* Frameworks */ = {
			isa = PBXGroup;
			children = (
				C365F03716D1717B00067107 /* Foundation.framework */,
				C365F04616D1717B00067107 /* SenTestingKit.framework */,
				C365F04816D1717B00067107 /* UIKit.framework */,
			);
			name = Frameworks;
			sourceTree = "<group>";
		};
		C365F03916D1717B00067107 /* SpectralFlux */ = {
			isa = PBXGroup;
			children = (
				C365F03A16D1717B00067107 /* Supporting Files */,
			);
			path = SpectralFlux;
			sourceTree = "<group>";
		};
		C365F03A16D1717B00067107 /* Supporting Files */ = {
			isa = PBXGroup;
			children = (
			);
			name = "Supporting Files";
			sourceTree = "<group>";
		};
		C365F04E16D1717B00067107 /* SpectralFluxTests */ = {
			isa = PBXGroup;
			children = (
				C365F05416D1717B00067107 /* SpectralFluxTests.h */,
				C365F05516D1717B00067107 /* SpectralFluxTests.m */,
				C365F04F16D1717B00067107 /* Supporting Files */,
			);
			path = SpectralFluxTests;
			sourceTree = "<group>";
		};
		C365F04F16D1717B00067107 /* Supporting Files */ = {
			isa = PBXGroup;
			children = (
				C365F05016D1717B00067107 /* SpectralFluxTests-Info.plist */,
				C365F05116D1717B00067107 /* InfoPlist.strings */,
			);
			name = "Supporting Files";
			sourceTree = "<group>";
		};
		C365F05F16D1787F00067107 /* Classes */ = {
			isa = PBXGroup;
			children = (
				C365F07F16D178AD00067107 /* Services */,
				C365F07E16D1789500067107 /* Domain */,
				C365F06016D1787F00067107 /* ios */,
			);
			path = Classes;
			sourceTree = "<group>";
		};
		C365F06016D1787F00067107 /* ios */ = {
			isa = PBXGroup;
			children = (
				C365F06816D1787F00067107 /* SpectralFlux.h */,
				C365F06916D1787F00067107 /* SpectralFlux.m */,
			);
			path = ios;
			sourceTree = "<group>";
		};
		C365F07E16D1789500067107 /* Domain */ = {
			isa = PBXGroup;
			children = (
				C365F06E16D1787F00067107 /* WaveformGroup.h */,
				C365F06F16D1787F00067107 /* WaveformGroup.m */,
				C365F06A16D1787F00067107 /* Waveform.h */,
				C365F06B16D1787F00067107 /* Waveform.m */,
				C365F06316D1787F00067107 /* Song.h */,
				C365F06416D1787F00067107 /* Song.m */,
			);
			name = Domain;
			sourceTree = "<group>";
		};
		C365F07F16D178AD00067107 /* Services */ = {
			isa = PBXGroup;
			children = (
				C365F08016D17F9500067107 /* DataService.h */,
				C365F08116D17F9500067107 /* DataService.m */,
				C365F06116D1787F00067107 /* ProcessSongOperation.h */,
				C365F06216D1787F00067107 /* ProcessSongOperation.m */,
				C365F06516D1787F00067107 /* SongProcessorService.h */,
				C365F06616D1787F00067107 /* SongProcessorService.m */,
			);
			name = Services;
			sourceTree = "<group>";
		};
/* End PBXGroup section */

/* Begin PBXNativeTarget section */
		C365F03316D1717B00067107 /* SpectralFlux */ = {
			isa = PBXNativeTarget;
			buildConfigurationList = C365F05916D1717B00067107 /* Build configuration list for PBXNativeTarget "SpectralFlux" */;
			buildPhases = (
				C365F03016D1717B00067107 /* Sources */,
				C365F03116D1717B00067107 /* Frameworks */,
				C365F03216D1717B00067107 /* CopyFiles */,
			);
			buildRules = (
			);
			dependencies = (
			);
			name = SpectralFlux;
			productName = SpectralFlux;
			productReference = C365F03416D1717B00067107 /* libSpectralFlux.a */;
			productType = "com.apple.product-type.library.static";
		};
		C365F04416D1717B00067107 /* SpectralFluxTests */ = {
			isa = PBXNativeTarget;
			buildConfigurationList = C365F05C16D1717B00067107 /* Build configuration list for PBXNativeTarget "SpectralFluxTests" */;
			buildPhases = (
				C365F04016D1717B00067107 /* Sources */,
				C365F04116D1717B00067107 /* Frameworks */,
				C365F04216D1717B00067107 /* Resources */,
				C365F04316D1717B00067107 /* ShellScript */,
			);
			buildRules = (
			);
			dependencies = (
				C365F04C16D1717B00067107 /* PBXTargetDependency */,
			);
			name = SpectralFluxTests;
			productName = SpectralFluxTests;
			productReference = C365F04516D1717B00067107 /* SpectralFluxTests.octest */;
			productType = "com.apple.product-type.bundle";
		};
/* End PBXNativeTarget section */

/* Begin PBXProject section */
		C365F02C16D1717B00067107 /* Project object */ = {
			isa = PBXProject;
			attributes = {
				LastUpgradeCheck = 0460;
				ORGANIZATIONNAME = "Precognitive Research, LLC";
			};
			buildConfigurationList = C365F02F16D1717B00067107 /* Build configuration list for PBXProject "SpectralFlux" */;
			compatibilityVersion = "Xcode 3.2";
			developmentRegion = English;
			hasScannedForEncodings = 0;
			knownRegions = (
				en,
			);
			mainGroup = C365F02B16D1717B00067107;
			productRefGroup = C365F03516D1717B00067107 /* Products */;
			projectDirPath = "";
			projectRoot = "";
			targets = (
				C365F03316D1717B00067107 /* SpectralFlux */,
				C365F04416D1717B00067107 /* SpectralFluxTests */,
			);
		};
/* End PBXProject section */

/* Begin PBXResourcesBuildPhase section */
		C365F04216D1717B00067107 /* Resources */ = {
			isa = PBXResourcesBuildPhase;
			buildActionMask = 2147483647;
			files = (
				C365F05316D1717B00067107 /* InfoPlist.strings in Resources */,
			);
			runOnlyForDeploymentPostprocessing = 0;
		};
/* End PBXResourcesBuildPhase section */

/* Begin PBXShellScriptBuildPhase section */
		C365F04316D1717B00067107 /* ShellScript */ = {
			isa = PBXShellScriptBuildPhase;
			buildActionMask = 2147483647;
			files = (
			);
			inputPaths = (
			);
			outputPaths = (
			);
			runOnlyForDeploymentPostprocessing = 0;
			shellPath = /bin/sh;
			shellScript = "# Run the unit tests in this test bundle.\n\"${SYSTEM_DEVELOPER_DIR}/Tools/RunUnitTests\"\n";
		};
/* End PBXShellScriptBuildPhase section */

/* Begin PBXSourcesBuildPhase section */
		C365F03016D1717B00067107 /* Sources */ = {
			isa = PBXSourcesBuildPhase;
			buildActionMask = 2147483647;
			files = (
				C365F07016D1787F00067107 /* ProcessSongOperation.m in Sources */,
				C365F07216D1787F00067107 /* Song.m in Sources */,
				C365F07416D1787F00067107 /* SongProcessorService.m in Sources */,
				C365F07616D1787F00067107 /* SpectralFlux.m in Sources */,
				C365F07816D1787F00067107 /* Waveform.m in Sources */,
				C365F07C16D1787F00067107 /* WaveformGroup.m in Sources */,
				C365F08216D17F9500067107 /* DataService.m in Sources */,
			);
			runOnlyForDeploymentPostprocessing = 0;
		};
		C365F04016D1717B00067107 /* Sources */ = {
			isa = PBXSourcesBuildPhase;
			buildActionMask = 2147483647;
			files = (
				C365F05616D1717B00067107 /* SpectralFluxTests.m in Sources */,
				C365F07116D1787F00067107 /* ProcessSongOperation.m in Sources */,
				C365F07316D1787F00067107 /* Song.m in Sources */,
				C365F07516D1787F00067107 /* SongProcessorService.m in Sources */,
				C365F07716D1787F00067107 /* SpectralFlux.m in Sources */,
				C365F07916D1787F00067107 /* Waveform.m in Sources */,
				C365F07D16D1787F00067107 /* WaveformGroup.m in Sources */,
				C365F08316D17F9500067107 /* DataService.m in Sources */,
			);
			runOnlyForDeploymentPostprocessing = 0;
		};
/* End PBXSourcesBuildPhase section */

/* Begin PBXTargetDependency section */
		C365F04C16D1717B00067107 /* PBXTargetDependency */ = {
			isa = PBXTargetDependency;
			target = C365F03316D1717B00067107 /* SpectralFlux */;
			targetProxy = C365F04B16D1717B00067107 /* PBXContainerItemProxy */;
		};
/* End PBXTargetDependency section */

/* Begin PBXVariantGroup section */
		C365F05116D1717B00067107 /* InfoPlist.strings */ = {
			isa = PBXVariantGroup;
			children = (
				C365F05216D1717B00067107 /* en */,
			);
			name = InfoPlist.strings;
			sourceTree = "<group>";
		};
/* End PBXVariantGroup section */

/* Begin XCBuildConfiguration section */
		C365F05716D1717B00067107 /* Debug */ = {
			isa = XCBuildConfiguration;
			buildSettings = {
				ALWAYS_SEARCH_USER_PATHS = NO;
				CLANG_CXX_LANGUAGE_STANDARD = "gnu++0x";
				CLANG_CXX_LIBRARY = "libc++";
				CLANG_ENABLE_OBJC_ARC = NO;
				CLANG_WARN_CONSTANT_CONVERSION = YES;
				CLANG_WARN_EMPTY_BODY = YES;
				CLANG_WARN_ENUM_CONVERSION = YES;
				CLANG_WARN_INT_CONVERSION = YES;
				CLANG_WARN__DUPLICATE_METHOD_MATCH = YES;
				COPY_PHASE_STRIP = NO;
				GCC_C_LANGUAGE_STANDARD = gnu99;
				GCC_DYNAMIC_NO_PIC = NO;
				GCC_OPTIMIZATION_LEVEL = 0;
				GCC_PREPROCESSOR_DEFINITIONS = (
					"DEBUG=1",
					"$(inherited)",
				);
				GCC_SYMBOLS_PRIVATE_EXTERN = NO;
				GCC_WARN_ABOUT_RETURN_TYPE = YES;
				GCC_WARN_UNINITIALIZED_AUTOS = YES;
				GCC_WARN_UNUSED_VARIABLE = YES;
				IPHONEOS_DEPLOYMENT_TARGET = 6.1;
				ONLY_ACTIVE_ARCH = YES;
				SDKROOT = iphoneos;
			};
			name = Debug;
		};
		C365F05816D1717B00067107 /* Release */ = {
			isa = XCBuildConfiguration;
			buildSettings = {
				ALWAYS_SEARCH_USER_PATHS = NO;
				CLANG_CXX_LANGUAGE_STANDARD = "gnu++0x";
				CLANG_CXX_LIBRARY = "libc++";
				CLANG_ENABLE_OBJC_ARC = NO;
				CLANG_WARN_CONSTANT_CONVERSION = YES;
				CLANG_WARN_EMPTY_BODY = YES;
				CLANG_WARN_ENUM_CONVERSION = YES;
				CLANG_WARN_INT_CONVERSION = YES;
				CLANG_WARN__DUPLICATE_METHOD_MATCH = YES;
				COPY_PHASE_STRIP = YES;
				GCC_C_LANGUAGE_STANDARD = gnu99;
				GCC_WARN_ABOUT_RETURN_TYPE = YES;
				GCC_WARN_UNINITIALIZED_AUTOS = YES;
				GCC_WARN_UNUSED_VARIABLE = YES;
				IPHONEOS_DEPLOYMENT_TARGET = 6.1;
				SDKROOT = iphoneos;
				VALIDATE_PRODUCT = YES;
			};
			name = Release;
		};
		C365F05A16D1717B00067107 /* Debug */ = {
			isa = XCBuildConfiguration;
			buildSettings = {
				CLANG_ENABLE_OBJC_ARC = NO;
				DSTROOT = /tmp/SpectralFlux.dst;
				GCC_PRECOMPILE_PREFIX_HEADER = NO;
				GCC_PREFIX_HEADER = "";
				OTHER_LDFLAGS = "-ObjC";
				PRODUCT_NAME = "$(TARGET_NAME)";
				SKIP_INSTALL = YES;
			};
			name = Debug;
		};
		C365F05B16D1717B00067107 /* Release */ = {
			isa = XCBuildConfiguration;
			buildSettings = {
				CLANG_ENABLE_OBJC_ARC = NO;
				DSTROOT = /tmp/SpectralFlux.dst;
				GCC_PRECOMPILE_PREFIX_HEADER = NO;
				GCC_PREFIX_HEADER = "";
				OTHER_LDFLAGS = "-ObjC";
				PRODUCT_NAME = "$(TARGET_NAME)";
				SKIP_INSTALL = YES;
			};
			name = Release;
		};
		C365F05D16D1717B00067107 /* Debug */ = {
			isa = XCBuildConfiguration;
			buildSettings = {
				FRAMEWORK_SEARCH_PATHS = (
					"\"$(SDKROOT)/Developer/Library/Frameworks\"",
					"\"$(DEVELOPER_LIBRARY_DIR)/Frameworks\"",
				);
				GCC_PRECOMPILE_PREFIX_HEADER = YES;
				INFOPLIST_FILE = "SpectralFluxTests/SpectralFluxTests-Info.plist";
				PRODUCT_NAME = "$(TARGET_NAME)";
				WRAPPER_EXTENSION = octest;
			};
			name = Debug;
		};
		C365F05E16D1717B00067107 /* Release */ = {
			isa = XCBuildConfiguration;
			buildSettings = {
				FRAMEWORK_SEARCH_PATHS = (
					"\"$(SDKROOT)/Developer/Library/Frameworks\"",
					"\"$(DEVELOPER_LIBRARY_DIR)/Frameworks\"",
				);
				GCC_PRECOMPILE_PREFIX_HEADER = YES;
				INFOPLIST_FILE = "SpectralFluxTests/SpectralFluxTests-Info.plist";
				PRODUCT_NAME = "$(TARGET_NAME)";
				WRAPPER_EXTENSION = octest;
			};
			name = Release;
		};
/* End XCBuildConfiguration section */

/* Begin XCConfigurationList section */
		C365F02F16D1717B00067107 /* Build configuration list for PBXProject "SpectralFlux" */ = {
			isa = XCConfigurationList;
			buildConfigurations = (
				C365F05716D1717B00067107 /* Debug */,
				C365F05816D1717B00067107 /* Release */,
			);
			defaultConfigurationIsVisible = 0;
			defaultConfigurationName = Release;
		};
		C365F05916D1717B00067107 /* Build configuration list for PBXNativeTarget "SpectralFlux" */ = {
			isa = XCConfigurationList;
			buildConfigurations = (
				C365F05A16D1717B00067107 /* Debug */,
				C365F05B16D1717B00067107 /* Release */,
			);
			defaultConfigurationIsVisible = 0;
			defaultConfigurationName = Release;
		};
		C365F05C16D1717B00067107 /* Build configuration list for PBXNativeTarget "SpectralFluxTests" */ = {
			isa = XCConfigurationList;
			buildConfigurations = (
				C365F05D16D1717B00067107 /* Debug */,
				C365F05E16D1717B00067107 /* Release */,
			);
			defaultConfigurationIsVisible = 0;
			defaultConfigurationName = Release;
		};
/* End XCConfigurationList section */
	};
	rootObject = C365F02C16D1717B00067107 /* Project object */;
}
